
Microsoft Visual Studio Solution File, Format Version 12.00
# Visual Studio Version 17
VisualStudioVersion = 17.3.32811.315
MinimumVisualStudioVersion = 10.0.40219.1
Project("{FAE04EC0-301F-11D3-BF4B-00C04F79EFBC}") = "ПроводникНахуй", "ПроводникНахуй.csproj", "{DF560DD4-2634-49F1-B569-87CC0BF36169}"
EndProject
Project("{FAE04EC0-301F-11D3-BF4B-00C04F79EFBC}") = "Project1", "..\Project1\Project1.csproj", "{50A53E5A-DF9E-494B-89D1-85DDC2D69EBF}"
EndProject
Global
	GlobalSection(SolutionConfigurationPlatforms) = preSolution
		Debug|Any CPU = Debug|Any CPU
		Release|Any CPU = Release|Any CPU
	EndGlobalSection
	GlobalSection(ProjectConfigurationPlatforms) = postSolution
		{DF560DD4-2634-49F1-B569-87CC0BF36169}.Debug|Any CPU.ActiveCfg = Debug|Any CPU
		{DF560DD4-2634-49F1-B569-87CC0BF36169}.Debug|Any CPU.Build.0 = Debug|Any CPU
		{DF560DD4-2634-49F1-B569-87CC0BF36169}.Release|Any CPU.ActiveCfg = Release|Any CPU
		{DF560DD4-2634-49F1-B569-87CC0BF36169}.Release|Any CPU.Build.0 = Release|Any CPU
		{50A53E5A-DF9E-494B-89D1-85DDC2D69EBF}.Debug|Any CPU.ActiveCfg = Debug|Any CPU
		{50A53E5A-DF9E-494B-89D1-85DDC2D69EBF}.Debug|Any CPU.Build.0 = Debug|Any CPU
		{50A53E5A-DF9E-494B-89D1-85DDC2D69EBF}.Release|Any CPU.ActiveCfg = Release|Any CPU
		{50A53E5A-DF9E-494B-89D1-85DDC2D69EBF}.Release|Any CPU.Build.0 = Release|Any CPU
	EndGlobalSection
	GlobalSection(SolutionProperties) = preSolution
		HideSolutionNode = FALSE
	EndGlobalSection
	GlobalSection(ExtensibilityGlobals) = postSolution
		SolutionGuid = {FE0E6B56-7F03-4F14-B0D8-B3A908BBEFE4}
	EndGlobalSection
EndGlobal
